{
  "name": "@json-spec/exapmle-turorial",
  "version": "0.1.9",
  "lockfileVersion": 1,
  "requires": true,
  "dependencies": {
    "@json-spec/core": {
      "version": "0.1.1",
      "requires": {
        "@json-spec/testcheck": "^0.1.1"
      },
      "dependencies": {
        "@json-spec/testcheck": {
          "version": "0.1.1",
          "bundled": true,
          "requires": {
            "n64": "^0.2.5"
          },
          "dependencies": {
            "n64": {
              "version": "0.2.5",
              "bundled": true
            }
          }
        },
        "n64": {
          "version": "0.2.5",
          "bundled": true
        }
      }
    },
    "@json-spec/spec-basic": {
      "version": "0.1.1",
      "requires": {
        "@json-spec/core": "^0.1.1"
      },
      "dependencies": {
        "@json-spec/core": {
          "version": "0.1.1",
          "bundled": true,
          "requires": {
            "@json-spec/testcheck": "^0.1.1"
          },
          "dependencies": {
            "@json-spec/testcheck": {
              "version": "0.1.1",
              "bundled": true
            }
          }
        }
      }
    },
    "@json-spec/spec-profiles": {
      "version": "0.1.1",
      "requires": {
        "@json-spec/core": "^0.1.1",
        "@json-spec/spec-basic": "^0.1.1",
        "faker": "^4.1.0"
      },
      "dependencies": {
        "@json-spec/core": {
          "version": "0.1.1",
          "bundled": true,
          "requires": {
            "@json-spec/testcheck": "^0.1.1",
            "n64": "^0.2.1"
          }
        },
        "@json-spec/spec-basic": {
          "version": "0.1.1",
          "bundled": true,
          "requires": {
            "@json-spec/core": "^0.1.1"
          }
        },
        "@json-spec/testcheck": {
          "version": "0.1.1",
          "bundled": true
        },
        "faker": {
          "version": "4.1.0",
          "bundled": true
        },
        "n64": {
          "version": "0.2.5",
          "bundled": true
        }
      }
    },
    "@json-spec/spec-range": {
      "version": "0.1.1",
      "requires": {
        "@json-spec/core": "^0.1.1",
        "@json-spec/spec-basic": "^0.1.1"
      },
      "dependencies": {
        "@json-spec/core": {
          "version": "0.1.1",
          "bundled": true,
          "requires": {
            "@json-spec/testcheck": "^0.1.1"
          },
          "dependencies": {
            "@json-spec/testcheck": {
              "version": "0.1.1",
              "bundled": true,
              "requires": {
                "n64": "^0.2.5"
              },
              "dependencies": {}
            },
            "n64": {
              "version": "0.2.5",
              "bundled": true
            }
          }
        },
        "@json-spec/spec-basic": {
          "version": "0.1.1",
          "bundled": true,
          "requires": {
            "@json-spec/core": "^0.1.1"
          },
          "dependencies": {
            "@json-spec/core": {
              "version": "0.1.1",
              "bundled": true,
              "requires": {
                "@json-spec/testcheck": "^0.1.1"
              },
              "dependencies": {}
            }
          }
        }
      }
    }
  }
}
